{
  "name": "domainsearch",
  "version": "0.3.0",
  "lockfileVersion": 1,
  "requires": true,
  "dependencies": {
    "array-back": {
      "version": "https://registry.npmjs.org/array-back/-/array-back-2.0.0.tgz",
      "integrity": "sha1-aHdHHVHsycm/phNvtsfV/ml0gCI=",
      "requires": {
        "typical": "https://registry.npmjs.org/typical/-/typical-2.6.1.tgz"
      }
    },
    "command-line-args": {
      "version": "https://registry.npmjs.org/command-line-args/-/command-line-args-4.0.7.tgz",
      "integrity": "sha1-+NGRbsuQ6eEh7aZCjkEwC/tkzEY=",
      "requires": {
        "array-back": "https://registry.npmjs.org/array-back/-/array-back-2.0.0.tgz",
        "find-replace": "https://registry.npmjs.org/find-replace/-/find-replace-1.0.3.tgz",
        "typical": "https://registry.npmjs.org/typical/-/typical-2.6.1.tgz"
      }
    },
    "find-replace": {
      "version": "https://registry.npmjs.org/find-replace/-/find-replace-1.0.3.tgz",
      "integrity": "sha1-uI5zZNLZyVlVnziMZmcNYTBEH6A=",
      "requires": {
        "array-back": "https://registry.npmjs.org/array-back/-/array-back-1.0.4.tgz",
        "test-value": "https://registry.npmjs.org/test-value/-/test-value-2.1.0.tgz"
      },
      "dependencies": {
        "array-back": {
          "version": "https://registry.npmjs.org/array-back/-/array-back-1.0.4.tgz",
          "integrity": "sha1-ZEun8JX3/898Q7Xw3DnTwfA8Bjs=",
          "requires": {
            "typical": "https://registry.npmjs.org/typical/-/typical-2.6.1.tgz"
          }
        }
      }
    },
    "node-select": {
      "version": "0.1.2",
      "resolved": "https://registry.npmjs.org/node-select/-/node-select-0.1.2.tgz",
      "integrity": "sha512-ArBVaUqWKRqyuZJHXjeDgha8ualrk1w9MpRgIj6daLoneX2KT6cc8nFPjXAqfSgyz+ehYwDWyUrA8BltXhNOGQ=="
    },
    "test-value": {
      "version": "https://registry.npmjs.org/test-value/-/test-value-2.1.0.tgz",
      "integrity": "sha1-Edpv9nDzRxpztiXKTz/c97t0gpE=",
      "requires": {
        "array-back": "https://registry.npmjs.org/array-back/-/array-back-1.0.4.tgz",
        "typical": "https://registry.npmjs.org/typical/-/typical-2.6.1.tgz"
      },
      "dependencies": {
        "array-back": {
          "version": "https://registry.npmjs.org/array-back/-/array-back-1.0.4.tgz",
          "integrity": "sha1-ZEun8JX3/898Q7Xw3DnTwfA8Bjs=",
          "requires": {
            "typical": "https://registry.npmjs.org/typical/-/typical-2.6.1.tgz"
          }
        }
      }
    },
    "typical": {
      "version": "https://registry.npmjs.org/typical/-/typical-2.6.1.tgz",
      "integrity": "sha1-XAgOXWYcu+OCWdLnCjxyU+hziB0="
    }
  }
}
